
Microsoft Visual Studio Solution File, Format Version 12.00
# Visual Studio Version 16
VisualStudioVersion = 16.0.31727.386
MinimumVisualStudioVersion = 10.0.40219.1
Project("{FAE04EC0-301F-11D3-BF4B-00C04F79EFBC}") = "StringCalculator", "StringCalculator\StringCalculator.csproj", "{1135B71C-E748-4DC7-8AC5-832A2DD02CC9}"
EndProject
Project("{FAE04EC0-301F-11D3-BF4B-00C04F79EFBC}") = "StringCalculator.Tests", "StringCalculator.Tests\StringCalculator.Tests.csproj", "{ADC70CE9-7230-417A-87D6-59AD69CDB510}"
EndProject
Global
	GlobalSection(SolutionConfigurationPlatforms) = preSolution
		Debug|Any CPU = Debug|Any CPU
		Release|Any CPU = Release|Any CPU
	EndGlobalSection
	GlobalSection(ProjectConfigurationPlatforms) = postSolution
		{1135B71C-E748-4DC7-8AC5-832A2DD02CC9}.Debug|Any CPU.ActiveCfg = Debug|Any CPU
		{1135B71C-E748-4DC7-8AC5-832A2DD02CC9}.Debug|Any CPU.Build.0 = Debug|Any CPU
		{1135B71C-E748-4DC7-8AC5-832A2DD02CC9}.Release|Any CPU.ActiveCfg = Release|Any CPU
		{1135B71C-E748-4DC7-8AC5-832A2DD02CC9}.Release|Any CPU.Build.0 = Release|Any CPU
		{ADC70CE9-7230-417A-87D6-59AD69CDB510}.Debug|Any CPU.ActiveCfg = Debug|Any CPU
		{ADC70CE9-7230-417A-87D6-59AD69CDB510}.Debug|Any CPU.Build.0 = Debug|Any CPU
		{ADC70CE9-7230-417A-87D6-59AD69CDB510}.Release|Any CPU.ActiveCfg = Release|Any CPU
		{ADC70CE9-7230-417A-87D6-59AD69CDB510}.Release|Any CPU.Build.0 = Release|Any CPU
	EndGlobalSection
	GlobalSection(SolutionProperties) = preSolution
		HideSolutionNode = FALSE
	EndGlobalSection
	GlobalSection(ExtensibilityGlobals) = postSolution
		SolutionGuid = {DE484F02-4B5D-4BEF-ABB3-195F2CB6CDC0}
	EndGlobalSection
EndGlobal
